
Microsoft Visual Studio Solution File, Format Version 12.00
# Visual Studio Version 17
VisualStudioVersion = 17.11.35222.181
MinimumVisualStudioVersion = 10.0.40219.1
Project("{FAE04EC0-301F-11D3-BF4B-00C04F79EFBC}") = "FormExito", "FormExito.csproj", "{23873A0D-DC77-4147-B340-A5720989BE38}"
EndProject
Global
	GlobalSection(SolutionConfigurationPlatforms) = preSolution
		Debug|Any CPU = Debug|Any CPU
		Release|Any CPU = Release|Any CPU
	EndGlobalSection
	GlobalSection(ProjectConfigurationPlatforms) = postSolution
		{23873A0D-DC77-4147-B340-A5720989BE38}.Debug|Any CPU.ActiveCfg = Debug|Any CPU
		{23873A0D-DC77-4147-B340-A5720989BE38}.Debug|Any CPU.Build.0 = Debug|Any CPU
		{23873A0D-DC77-4147-B340-A5720989BE38}.Release|Any CPU.ActiveCfg = Release|Any CPU
		{23873A0D-DC77-4147-B340-A5720989BE38}.Release|Any CPU.Build.0 = Release|Any CPU
	EndGlobalSection
	GlobalSection(SolutionProperties) = preSolution
		HideSolutionNode = FALSE
	EndGlobalSection
	GlobalSection(ExtensibilityGlobals) = postSolution
		SolutionGuid = {B5B1BCAA-B3B4-4F0E-B3A6-F6B20BFA346B}
	EndGlobalSection
EndGlobal
